
Microsoft Visual Studio Solution File, Format Version 12.00
# Visual Studio 15
VisualStudioVersion = 15.0.28010.2026
MinimumVisualStudioVersion = 10.0.40219.1
Project("{FAE04EC0-301F-11D3-BF4B-00C04F79EFBC}") = "ContraBand", "ContraBand\ContraBand.csproj", "{2D6061C5-D874-470D-8AF8-A88B138E56C1}"
EndProject
Global
	GlobalSection(SolutionConfigurationPlatforms) = preSolution
		Debug|Any CPU = Debug|Any CPU
		Release|Any CPU = Release|Any CPU
	EndGlobalSection
	GlobalSection(ProjectConfigurationPlatforms) = postSolution
		{2D6061C5-D874-470D-8AF8-A88B138E56C1}.Debug|Any CPU.ActiveCfg = Debug|Any CPU
		{2D6061C5-D874-470D-8AF8-A88B138E56C1}.Debug|Any CPU.Build.0 = Debug|Any CPU
		{2D6061C5-D874-470D-8AF8-A88B138E56C1}.Release|Any CPU.ActiveCfg = Release|Any CPU
		{2D6061C5-D874-470D-8AF8-A88B138E56C1}.Release|Any CPU.Build.0 = Release|Any CPU
	EndGlobalSection
	GlobalSection(SolutionProperties) = preSolution
		HideSolutionNode = FALSE
	EndGlobalSection
	GlobalSection(ExtensibilityGlobals) = postSolution
		SolutionGuid = {39E3F7B9-4BB4-48F1-8651-282F8E4FE552}
	EndGlobalSection
EndGlobal
